
Microsoft Visual Studio Solution File, Format Version 12.00
# Visual Studio Version 17
VisualStudioVersion = 17.2.32616.157
MinimumVisualStudioVersion = 10.0.40219.1
Project("{FAE04EC0-301F-11D3-BF4B-00C04F79EFBC}") = "uskok-mysql", "uskok-mysql.csproj", "{7F0246A3-0C9D-41AA-B32D-97E589D454D6}"
EndProject
Global
	GlobalSection(SolutionConfigurationPlatforms) = preSolution
		Debug|Any CPU = Debug|Any CPU
		Release|Any CPU = Release|Any CPU
	EndGlobalSection
	GlobalSection(ProjectConfigurationPlatforms) = postSolution
		{7F0246A3-0C9D-41AA-B32D-97E589D454D6}.Debug|Any CPU.ActiveCfg = Debug|Any CPU
		{7F0246A3-0C9D-41AA-B32D-97E589D454D6}.Debug|Any CPU.Build.0 = Debug|Any CPU
		{7F0246A3-0C9D-41AA-B32D-97E589D454D6}.Release|Any CPU.ActiveCfg = Release|Any CPU
		{7F0246A3-0C9D-41AA-B32D-97E589D454D6}.Release|Any CPU.Build.0 = Release|Any CPU
	EndGlobalSection
	GlobalSection(SolutionProperties) = preSolution
		HideSolutionNode = FALSE
	EndGlobalSection
	GlobalSection(ExtensibilityGlobals) = postSolution
		SolutionGuid = {CF12FF69-5D3B-405F-A392-1CD1CA870BB4}
	EndGlobalSection
EndGlobal
